
Microsoft Visual Studio Solution File, Format Version 12.00
# Visual Studio Version 17
VisualStudioVersion = 17.8.34330.188
MinimumVisualStudioVersion = 10.0.40219.1
Project("{FAE04EC0-301F-11D3-BF4B-00C04F79EFBC}") = "ProjectShared", "ProjectShared\ProjectShared.csproj", "{B21EB48D-FE12-46CB-85CF-A19FB21DD715}"
EndProject
Global
	GlobalSection(SolutionConfigurationPlatforms) = preSolution
		Debug|Any CPU = Debug|Any CPU
		Release|Any CPU = Release|Any CPU
	EndGlobalSection
	GlobalSection(ProjectConfigurationPlatforms) = postSolution
		{B21EB48D-FE12-46CB-85CF-A19FB21DD715}.Debug|Any CPU.ActiveCfg = Debug|Any CPU
		{B21EB48D-FE12-46CB-85CF-A19FB21DD715}.Debug|Any CPU.Build.0 = Debug|Any CPU
		{B21EB48D-FE12-46CB-85CF-A19FB21DD715}.Release|Any CPU.ActiveCfg = Release|Any CPU
		{B21EB48D-FE12-46CB-85CF-A19FB21DD715}.Release|Any CPU.Build.0 = Release|Any CPU
	EndGlobalSection
	GlobalSection(SolutionProperties) = preSolution
		HideSolutionNode = FALSE
	EndGlobalSection
	GlobalSection(ExtensibilityGlobals) = postSolution
		SolutionGuid = {CC7A73B5-2C99-47E4-8B36-11D44C78DBAE}
	EndGlobalSection
EndGlobal
